// !$*UTF8*$!
{
	archiveVersion = 1;
	classes = {
	};
	objectVersion = 56;
	objects = {

/* Begin PBXBuildFile section */
		0919EC702B3AC7360012F661 /* Starscream in Frameworks */ = {isa = PBXBuildFile; productRef = 0919EC6F2B3AC7360012F661 /* Starscream */; };
		0919EC732B3AC74C0012F661 /* ComposableArchitecture in Frameworks */ = {isa = PBXBuildFile; productRef = 0919EC722B3AC74C0012F661 /* ComposableArchitecture */; };
		0919EC752B3AC76D0012F661 /* Map.swift in Sources */ = {isa = PBXBuildFile; fileRef = 0919EC742B3AC76D0012F661 /* Map.swift */; };
		0919EC782B3AC7BE0012F661 /* Camera.swift in Sources */ = {isa = PBXBuildFile; fileRef = 0919EC772B3AC7BE0012F661 /* Camera.swift */; };
		0919EC7B2B3ACD990012F661 /* NavigationPage.swift in Sources */ = {isa = PBXBuildFile; fileRef = 0919EC7A2B3ACD990012F661 /* NavigationPage.swift */; };
		0919EC812B3ACEAE0012F661 /* RouteModal.swift in Sources */ = {isa = PBXBuildFile; fileRef = 0919EC802B3ACEAE0012F661 /* RouteModal.swift */; };
		0919EC832B3ACF640012F661 /* Compass.swift in Sources */ = {isa = PBXBuildFile; fileRef = 0919EC822B3ACF640012F661 /* Compass.swift */; };
		092C717B2B578BDD00960DA5 /* GoogleTTS.swift in Sources */ = {isa = PBXBuildFile; fileRef = 092C717A2B578BDD00960DA5 /* GoogleTTS.swift */; };
		092E0D792B73656600582459 /* ResponseModel.swift in Sources */ = {isa = PBXBuildFile; fileRef = 092E0D782B73656600582459 /* ResponseModel.swift */; };
		0955DB342B5F739900CC676F /* MapViewModel.swift in Sources */ = {isa = PBXBuildFile; fileRef = 0955DB332B5F739900CC676F /* MapViewModel.swift */; };
		0955DB362B5F73BB00CC676F /* MapModel.swift in Sources */ = {isa = PBXBuildFile; fileRef = 0955DB352B5F73BB00CC676F /* MapModel.swift */; };
		0955DB382B5F73F700CC676F /* SearchModel.swift in Sources */ = {isa = PBXBuildFile; fileRef = 0955DB372B5F73F700CC676F /* SearchModel.swift */; };
		096CE2A62B3AC5B3001D0E2E /* PathPalApp.swift in Sources */ = {isa = PBXBuildFile; fileRef = 096CE2A52B3AC5B3001D0E2E /* PathPalApp.swift */; };
		096CE2A82B3AC5B3001D0E2E /* ContentView.swift in Sources */ = {isa = PBXBuildFile; fileRef = 096CE2A72B3AC5B3001D0E2E /* ContentView.swift */; };
		096CE2AA2B3AC5B4001D0E2E /* Assets.xcassets in Resources */ = {isa = PBXBuildFile; fileRef = 096CE2A92B3AC5B4001D0E2E /* Assets.xcassets */; };
		096CE2AD2B3AC5B4001D0E2E /* Preview Assets.xcassets in Resources */ = {isa = PBXBuildFile; fileRef = 096CE2AC2B3AC5B4001D0E2E /* Preview Assets.xcassets */; };
		097087A12B4AA413004766E3 /* Search.swift in Sources */ = {isa = PBXBuildFile; fileRef = 097087A02B4AA413004766E3 /* Search.swift */; };
		0974D4642B4571C000CA18E3 /* Localizable.strings in Resources */ = {isa = PBXBuildFile; fileRef = 0974D4662B4571C000CA18E3 /* Localizable.strings */; };
		098E247B2B665C6D0003517F /* ReviewPage.swift in Sources */ = {isa = PBXBuildFile; fileRef = 098E247A2B665C6D0003517F /* ReviewPage.swift */; };
		09F597BB2B738A7C0073B2F8 /* SocketManager.swift in Sources */ = {isa = PBXBuildFile; fileRef = 09F597BA2B738A7C0073B2F8 /* SocketManager.swift */; };
		09F597BD2B74CAA70073B2F8 /* GoogleSTT.swift in Sources */ = {isa = PBXBuildFile; fileRef = 09F597BC2B74CAA70073B2F8 /* GoogleSTT.swift */; };
		BAEC2CB0F7A7D31CD5B83BEE /* Pods_PathPal.framework in Frameworks */ = {isa = PBXBuildFile; fileRef = C9313D311FA02BA7D473CCD6 /* Pods_PathPal.framework */; };
/* End PBXBuildFile section */

/* Begin PBXFileReference section */
		0919EC742B3AC76D0012F661 /* Map.swift */ = {isa = PBXFileReference; lastKnownFileType = sourcecode.swift; path = Map.swift; sourceTree = "<group>"; };
		0919EC762B3AC79B0012F661 /* Config.xcconfig */ = {isa = PBXFileReference; lastKnownFileType = text.xcconfig; path = Config.xcconfig; sourceTree = "<group>"; };
		0919EC772B3AC7BE0012F661 /* Camera.swift */ = {isa = PBXFileReference; lastKnownFileType = sourcecode.swift; path = Camera.swift; sourceTree = "<group>"; };
		0919EC792B3AC8100012F661 /* Info.plist */ = {isa = PBXFileReference; lastKnownFileType = text.plist; path = Info.plist; sourceTree = "<group>"; };
		0919EC7A2B3ACD990012F661 /* NavigationPage.swift */ = {isa = PBXFileReference; lastKnownFileType = sourcecode.swift; path = NavigationPage.swift; sourceTree = "<group>"; };
		0919EC802B3ACEAE0012F661 /* RouteModal.swift */ = {isa = PBXFileReference; lastKnownFileType = sourcecode.swift; path = RouteModal.swift; sourceTree = "<group>"; };
		0919EC822B3ACF640012F661 /* Compass.swift */ = {isa = PBXFileReference; lastKnownFileType = sourcecode.swift; path = Compass.swift; sourceTree = "<group>"; };
		092C717A2B578BDD00960DA5 /* GoogleTTS.swift */ = {isa = PBXFileReference; lastKnownFileType = sourcecode.swift; path = GoogleTTS.swift; sourceTree = "<group>"; };
		092E0D772B735ACF00582459 /* ko */ = {isa = PBXFileReference; lastKnownFileType = text.plist.strings; name = ko; path = ko.lproj/Localizable.strings; sourceTree = "<group>"; };
		092E0D782B73656600582459 /* ResponseModel.swift */ = {isa = PBXFileReference; lastKnownFileType = sourcecode.swift; path = ResponseModel.swift; sourceTree = "<group>"; };
		0955DB332B5F739900CC676F /* MapViewModel.swift */ = {isa = PBXFileReference; lastKnownFileType = sourcecode.swift; path = MapViewModel.swift; sourceTree = "<group>"; };
		0955DB352B5F73BB00CC676F /* MapModel.swift */ = {isa = PBXFileReference; lastKnownFileType = sourcecode.swift; path = MapModel.swift; sourceTree = "<group>"; };
		0955DB372B5F73F700CC676F /* SearchModel.swift */ = {isa = PBXFileReference; lastKnownFileType = sourcecode.swift; path = SearchModel.swift; sourceTree = "<group>"; };
		096CE2A22B3AC5B3001D0E2E /* PathPal.app */ = {isa = PBXFileReference; explicitFileType = wrapper.application; includeInIndex = 0; path = PathPal.app; sourceTree = BUILT_PRODUCTS_DIR; };
		096CE2A52B3AC5B3001D0E2E /* PathPalApp.swift */ = {isa = PBXFileReference; lastKnownFileType = sourcecode.swift; path = PathPalApp.swift; sourceTree = "<group>"; };
		096CE2A72B3AC5B3001D0E2E /* ContentView.swift */ = {isa = PBXFileReference; lastKnownFileType = sourcecode.swift; path = ContentView.swift; sourceTree = "<group>"; };
		096CE2A92B3AC5B4001D0E2E /* Assets.xcassets */ = {isa = PBXFileReference; lastKnownFileType = folder.assetcatalog; path = Assets.xcassets; sourceTree = "<group>"; };
		096CE2AC2B3AC5B4001D0E2E /* Preview Assets.xcassets */ = {isa = PBXFileReference; lastKnownFileType = folder.assetcatalog; path = "Preview Assets.xcassets"; sourceTree = "<group>"; };
		097087A02B4AA413004766E3 /* Search.swift */ = {isa = PBXFileReference; lastKnownFileType = sourcecode.swift; path = Search.swift; sourceTree = "<group>"; };
		0974D4652B4571C000CA18E3 /* en */ = {isa = PBXFileReference; lastKnownFileType = text.plist.strings; name = en; path = en.lproj/Localizable.strings; sourceTree = "<group>"; };
		098E247A2B665C6D0003517F /* ReviewPage.swift */ = {isa = PBXFileReference; lastKnownFileType = sourcecode.swift; path = ReviewPage.swift; sourceTree = "<group>"; };
		09F597BA2B738A7C0073B2F8 /* SocketManager.swift */ = {isa = PBXFileReference; lastKnownFileType = sourcecode.swift; path = SocketManager.swift; sourceTree = "<group>"; };
		09F597BC2B74CAA70073B2F8 /* GoogleSTT.swift */ = {isa = PBXFileReference; lastKnownFileType = sourcecode.swift; path = GoogleSTT.swift; sourceTree = "<group>"; };
		7C7B0305E9439FAEEAACBD55 /* Pods-PathPal.debug.xcconfig */ = {isa = PBXFileReference; includeInIndex = 1; lastKnownFileType = text.xcconfig; name = "Pods-PathPal.debug.xcconfig"; path = "Target Support Files/Pods-PathPal/Pods-PathPal.debug.xcconfig"; sourceTree = "<group>"; };
		8343B3F5DA14839E495E7F27 /* Pods-PathPal.release.xcconfig */ = {isa = PBXFileReference; includeInIndex = 1; lastKnownFileType = text.xcconfig; name = "Pods-PathPal.release.xcconfig"; path = "Target Support Files/Pods-PathPal/Pods-PathPal.release.xcconfig"; sourceTree = "<group>"; };
		C9313D311FA02BA7D473CCD6 /* Pods_PathPal.framework */ = {isa = PBXFileReference; explicitFileType = wrapper.framework; includeInIndex = 0; path = Pods_PathPal.framework; sourceTree = BUILT_PRODUCTS_DIR; };
/* End PBXFileReference section */

/* Begin PBXFrameworksBuildPhase section */
		096CE29F2B3AC5B3001D0E2E /* Frameworks */ = {
			isa = PBXFrameworksBuildPhase;
			buildActionMask = 2147483647;
			files = (
				BAEC2CB0F7A7D31CD5B83BEE /* Pods_PathPal.framework in Frameworks */,
				0919EC702B3AC7360012F661 /* Starscream in Frameworks */,
				0919EC732B3AC74C0012F661 /* ComposableArchitecture in Frameworks */,
			);
			runOnlyForDeploymentPostprocessing = 0;
		};
/* End PBXFrameworksBuildPhase section */

/* Begin PBXGroup section */
		0919EC6C2B3AC71D0012F661 /* Vision */ = {
			isa = PBXGroup;
			children = (
				0919EC772B3AC7BE0012F661 /* Camera.swift */,
			);
			path = Vision;
			sourceTree = "<group>";
		};
		0919EC6D2B3AC7230012F661 /* Navigation */ = {
			isa = PBXGroup;
			children = (
				0919EC7A2B3ACD990012F661 /* NavigationPage.swift */,
				097087A02B4AA413004766E3 /* Search.swift */,
				0919EC822B3ACF640012F661 /* Compass.swift */,
				0919EC742B3AC76D0012F661 /* Map.swift */,
				0919EC802B3ACEAE0012F661 /* RouteModal.swift */,
			);
			path = Navigation;
			sourceTree = "<group>";
		};
		0955DB322B5F737900CC676F /* ViewModel */ = {
			isa = PBXGroup;
			children = (
				0955DB332B5F739900CC676F /* MapViewModel.swift */,
				09F597BA2B738A7C0073B2F8 /* SocketManager.swift */,
				092C717A2B578BDD00960DA5 /* GoogleTTS.swift */,
				09F597BC2B74CAA70073B2F8 /* GoogleSTT.swift */,
			);
			path = ViewModel;
			sourceTree = "<group>";
		};
		096CE2992B3AC5B3001D0E2E = {
			isa = PBXGroup;
			children = (
				096CE2A42B3AC5B3001D0E2E /* PathPal */,
				096CE2A32B3AC5B3001D0E2E /* Products */,
				C72679D85CA393F715D2D8AD /* Pods */,
				65F6D972121870160D4F8BEF /* Frameworks */,
			);
			sourceTree = "<group>";
		};
		096CE2A32B3AC5B3001D0E2E /* Products */ = {
			isa = PBXGroup;
			children = (
				096CE2A22B3AC5B3001D0E2E /* PathPal.app */,
			);
			name = Products;
			sourceTree = "<group>";
		};
		096CE2A42B3AC5B3001D0E2E /* PathPal */ = {
			isa = PBXGroup;
			children = (
				096CE2AB2B3AC5B4001D0E2E /* Preview Content */,
				0919EC792B3AC8100012F661 /* Info.plist */,
				0919EC762B3AC79B0012F661 /* Config.xcconfig */,
				0974D4662B4571C000CA18E3 /* Localizable.strings */,
				096CE2A92B3AC5B4001D0E2E /* Assets.xcassets */,
				096CE2A52B3AC5B3001D0E2E /* PathPalApp.swift */,
				098E247C2B6CB7230003517F /* Model */,
				0955DB322B5F737900CC676F /* ViewModel */,
				098E247D2B6CB72E0003517F /* View */,
			);
			path = PathPal;
			sourceTree = "<group>";
		};
		096CE2AB2B3AC5B4001D0E2E /* Preview Content */ = {
			isa = PBXGroup;
			children = (
				096CE2AC2B3AC5B4001D0E2E /* Preview Assets.xcassets */,
			);
			path = "Preview Content";
			sourceTree = "<group>";
		};
		098E24792B665C520003517F /* Review */ = {
			isa = PBXGroup;
			children = (
				098E247A2B665C6D0003517F /* ReviewPage.swift */,
			);
			path = Review;
			sourceTree = "<group>";
		};
		098E247C2B6CB7230003517F /* Model */ = {
			isa = PBXGroup;
			children = (
				0955DB352B5F73BB00CC676F /* MapModel.swift */,
				0955DB372B5F73F700CC676F /* SearchModel.swift */,
				092E0D782B73656600582459 /* ResponseModel.swift */,
			);
			path = Model;
			sourceTree = "<group>";
		};
		098E247D2B6CB72E0003517F /* View */ = {
			isa = PBXGroup;
			children = (
				096CE2A72B3AC5B3001D0E2E /* ContentView.swift */,
				0919EC6D2B3AC7230012F661 /* Navigation */,
				0919EC6C2B3AC71D0012F661 /* Vision */,
				098E24792B665C520003517F /* Review */,
			);
			path = View;
			sourceTree = "<group>";
		};
		65F6D972121870160D4F8BEF /* Frameworks */ = {
			isa = PBXGroup;
			children = (
				C9313D311FA02BA7D473CCD6 /* Pods_PathPal.framework */,
			);
			name = Frameworks;
			sourceTree = "<group>";
		};
		C72679D85CA393F715D2D8AD /* Pods */ = {
			isa = PBXGroup;
			children = (
				7C7B0305E9439FAEEAACBD55 /* Pods-PathPal.debug.xcconfig */,
				8343B3F5DA14839E495E7F27 /* Pods-PathPal.release.xcconfig */,
			);
			path = Pods;
			sourceTree = "<group>";
		};
/* End PBXGroup section */

/* Begin PBXNativeTarget section */
		096CE2A12B3AC5B3001D0E2E /* PathPal */ = {
			isa = PBXNativeTarget;
			buildConfigurationList = 096CE2B02B3AC5B4001D0E2E /* Build configuration list for PBXNativeTarget "PathPal" */;
			buildPhases = (
				E854D9B86662F1322378FAE5 /* [CP] Check Pods Manifest.lock */,
				096CE29E2B3AC5B3001D0E2E /* Sources */,
				096CE29F2B3AC5B3001D0E2E /* Frameworks */,
				096CE2A02B3AC5B3001D0E2E /* Resources */,
				D22FC71CDE0CBFE0F7DB8BB4 /* [CP] Copy Pods Resources */,
				5A28C6CAAF654FA592F38F72 /* [CP] Embed Pods Frameworks */,
			);
			buildRules = (
			);
			dependencies = (
			);
			name = PathPal;
			packageProductDependencies = (
				0919EC6F2B3AC7360012F661 /* Starscream */,
				0919EC722B3AC74C0012F661 /* ComposableArchitecture */,
			);
			productName = PathPal;
			productReference = 096CE2A22B3AC5B3001D0E2E /* PathPal.app */;
			productType = "com.apple.product-type.application";
		};
/* End PBXNativeTarget section */

/* Begin PBXProject section */
		096CE29A2B3AC5B3001D0E2E /* Project object */ = {
			isa = PBXProject;
			attributes = {
				BuildIndependentTargetsInParallel = 1;
				LastSwiftUpdateCheck = 1510;
				LastUpgradeCheck = 1510;
				TargetAttributes = {
					096CE2A12B3AC5B3001D0E2E = {
						CreatedOnToolsVersion = 15.1;
					};
				};
			};
			buildConfigurationList = 096CE29D2B3AC5B3001D0E2E /* Build configuration list for PBXProject "PathPal" */;
			compatibilityVersion = "Xcode 14.0";
			developmentRegion = ko;
			hasScannedForEncodings = 0;
			knownRegions = (
				en,
				Base,
				ko,
			);
			mainGroup = 096CE2992B3AC5B3001D0E2E;
			packageReferences = (
				0919EC6E2B3AC7360012F661 /* XCRemoteSwiftPackageReference "Starscream" */,
				0919EC712B3AC74C0012F661 /* XCRemoteSwiftPackageReference "swift-composable-architecture" */,
			);
			productRefGroup = 096CE2A32B3AC5B3001D0E2E /* Products */;
			projectDirPath = "";
			projectRoot = "";
			targets = (
				096CE2A12B3AC5B3001D0E2E /* PathPal */,
			);
		};
/* End PBXProject section */

/* Begin PBXResourcesBuildPhase section */
		096CE2A02B3AC5B3001D0E2E /* Resources */ = {
			isa = PBXResourcesBuildPhase;
			buildActionMask = 2147483647;
			files = (
				096CE2AD2B3AC5B4001D0E2E /* Preview Assets.xcassets in Resources */,
				0974D4642B4571C000CA18E3 /* Localizable.strings in Resources */,
				096CE2AA2B3AC5B4001D0E2E /* Assets.xcassets in Resources */,
			);
			runOnlyForDeploymentPostprocessing = 0;
		};
/* End PBXResourcesBuildPhase section */

/* Begin PBXShellScriptBuildPhase section */
		5A28C6CAAF654FA592F38F72 /* [CP] Embed Pods Frameworks */ = {
			isa = PBXShellScriptBuildPhase;
			buildActionMask = 2147483647;
			files = (
			);
			inputFileListPaths = (
				"${PODS_ROOT}/Target Support Files/Pods-PathPal/Pods-PathPal-frameworks-${CONFIGURATION}-input-files.xcfilelist",
			);
			name = "[CP] Embed Pods Frameworks";
			outputFileListPaths = (
				"${PODS_ROOT}/Target Support Files/Pods-PathPal/Pods-PathPal-frameworks-${CONFIGURATION}-output-files.xcfilelist",
			);
			runOnlyForDeploymentPostprocessing = 0;
			shellPath = /bin/sh;
			shellScript = "\"${PODS_ROOT}/Target Support Files/Pods-PathPal/Pods-PathPal-frameworks.sh\"\n";
			showEnvVarsInLog = 0;
		};
		D22FC71CDE0CBFE0F7DB8BB4 /* [CP] Copy Pods Resources */ = {
			isa = PBXShellScriptBuildPhase;
			buildActionMask = 2147483647;
			files = (
			);
			inputFileListPaths = (
				"${PODS_ROOT}/Target Support Files/Pods-PathPal/Pods-PathPal-resources-${CONFIGURATION}-input-files.xcfilelist",
			);
			name = "[CP] Copy Pods Resources";
			outputFileListPaths = (
				"${PODS_ROOT}/Target Support Files/Pods-PathPal/Pods-PathPal-resources-${CONFIGURATION}-output-files.xcfilelist",
			);
			runOnlyForDeploymentPostprocessing = 0;
			shellPath = /bin/sh;
			shellScript = "\"${PODS_ROOT}/Target Support Files/Pods-PathPal/Pods-PathPal-resources.sh\"\n";
			showEnvVarsInLog = 0;
		};
		E854D9B86662F1322378FAE5 /* [CP] Check Pods Manifest.lock */ = {
			isa = PBXShellScriptBuildPhase;
			buildActionMask = 2147483647;
			files = (
			);
			inputFileListPaths = (
			);
			inputPaths = (
				"${PODS_PODFILE_DIR_PATH}/Podfile.lock",
				"${PODS_ROOT}/Manifest.lock",
			);
			name = "[CP] Check Pods Manifest.lock";
			outputFileListPaths = (
			);
			outputPaths = (
				"$(DERIVED_FILE_DIR)/Pods-PathPal-checkManifestLockResult.txt",
			);
			runOnlyForDeploymentPostprocessing = 0;
			shellPath = /bin/sh;
			shellScript = "diff \"${PODS_PODFILE_DIR_PATH}/Podfile.lock\" \"${PODS_ROOT}/Manifest.lock\" > /dev/null\nif [ $? != 0 ] ; then\n    # print error to STDERR\n    echo \"error: The sandbox is not in sync with the Podfile.lock. Run 'pod install' or update your CocoaPods installation.\" >&2\n    exit 1\nfi\n# This output is used by Xcode 'outputs' to avoid re-running this script phase.\necho \"SUCCESS\" > \"${SCRIPT_OUTPUT_FILE_0}\"\n";
			showEnvVarsInLog = 0;
		};
/* End PBXShellScriptBuildPhase section */

/* Begin PBXSourcesBuildPhase section */
		096CE29E2B3AC5B3001D0E2E /* Sources */ = {
			isa = PBXSourcesBuildPhase;
			buildActionMask = 2147483647;
			files = (
				092C717B2B578BDD00960DA5 /* GoogleTTS.swift in Sources */,
				0919EC782B3AC7BE0012F661 /* Camera.swift in Sources */,
				09F597BD2B74CAA70073B2F8 /* GoogleSTT.swift in Sources */,
				0955DB382B5F73F700CC676F /* SearchModel.swift in Sources */,
				0955DB362B5F73BB00CC676F /* MapModel.swift in Sources */,
				09F597BB2B738A7C0073B2F8 /* SocketManager.swift in Sources */,
				092E0D792B73656600582459 /* ResponseModel.swift in Sources */,
				0955DB342B5F739900CC676F /* MapViewModel.swift in Sources */,
				096CE2A82B3AC5B3001D0E2E /* ContentView.swift in Sources */,
				0919EC7B2B3ACD990012F661 /* NavigationPage.swift in Sources */,
				098E247B2B665C6D0003517F /* ReviewPage.swift in Sources */,
				0919EC752B3AC76D0012F661 /* Map.swift in Sources */,
				096CE2A62B3AC5B3001D0E2E /* PathPalApp.swift in Sources */,
				097087A12B4AA413004766E3 /* Search.swift in Sources */,
				0919EC812B3ACEAE0012F661 /* RouteModal.swift in Sources */,
				0919EC832B3ACF640012F661 /* Compass.swift in Sources */,
			);
			runOnlyForDeploymentPostprocessing = 0;
		};
/* End PBXSourcesBuildPhase section */

/* Begin PBXVariantGroup section */
		0974D4662B4571C000CA18E3 /* Localizable.strings */ = {
			isa = PBXVariantGroup;
			children = (
				0974D4652B4571C000CA18E3 /* en */,
				092E0D772B735ACF00582459 /* ko */,
			);
			name = Localizable.strings;
			sourceTree = "<group>";
		};
/* End PBXVariantGroup section */

/* Begin XCBuildConfiguration section */
		096CE2AE2B3AC5B4001D0E2E /* Debug */ = {
			isa = XCBuildConfiguration;
			buildSettings = {
				ALWAYS_SEARCH_USER_PATHS = NO;
				ASSETCATALOG_COMPILER_GENERATE_SWIFT_ASSET_SYMBOL_EXTENSIONS = YES;
				CLANG_ANALYZER_LOCALIZABILITY_NONLOCALIZED = YES;
				CLANG_ANALYZER_NONNULL = YES;
				CLANG_ANALYZER_NUMBER_OBJECT_CONVERSION = YES_AGGRESSIVE;
				CLANG_CXX_LANGUAGE_STANDARD = "gnu++20";
				CLANG_ENABLE_MODULES = YES;
				CLANG_ENABLE_OBJC_ARC = YES;
				CLANG_ENABLE_OBJC_WEAK = YES;
				CLANG_WARN_BLOCK_CAPTURE_AUTORELEASING = YES;
				CLANG_WARN_BOOL_CONVERSION = YES;
				CLANG_WARN_COMMA = YES;
				CLANG_WARN_CONSTANT_CONVERSION = YES;
				CLANG_WARN_DEPRECATED_OBJC_IMPLEMENTATIONS = YES;
				CLANG_WARN_DIRECT_OBJC_ISA_USAGE = YES_ERROR;
				CLANG_WARN_DOCUMENTATION_COMMENTS = YES;
				CLANG_WARN_EMPTY_BODY = YES;
				CLANG_WARN_ENUM_CONVERSION = YES;
				CLANG_WARN_INFINITE_RECURSION = YES;
				CLANG_WARN_INT_CONVERSION = YES;
				CLANG_WARN_NON_LITERAL_NULL_CONVERSION = YES;
				CLANG_WARN_OBJC_IMPLICIT_RETAIN_SELF = YES;
				CLANG_WARN_OBJC_LITERAL_CONVERSION = YES;
				CLANG_WARN_OBJC_ROOT_CLASS = YES_ERROR;
				CLANG_WARN_QUOTED_INCLUDE_IN_FRAMEWORK_HEADER = YES;
				CLANG_WARN_RANGE_LOOP_ANALYSIS = YES;
				CLANG_WARN_STRICT_PROTOTYPES = YES;
				CLANG_WARN_SUSPICIOUS_MOVE = YES;
				CLANG_WARN_UNGUARDED_AVAILABILITY = YES_AGGRESSIVE;
				CLANG_WARN_UNREACHABLE_CODE = YES;
				CLANG_WARN__DUPLICATE_METHOD_MATCH = YES;
				COPY_PHASE_STRIP = NO;
				DEBUG_INFORMATION_FORMAT = dwarf;
				ENABLE_STRICT_OBJC_MSGSEND = YES;
				ENABLE_TESTABILITY = YES;
				ENABLE_USER_SCRIPT_SANDBOXING = NO;
				GCC_C_LANGUAGE_STANDARD = gnu17;
				GCC_DYNAMIC_NO_PIC = NO;
				GCC_NO_COMMON_BLOCKS = YES;
				GCC_OPTIMIZATION_LEVEL = 0;
				GCC_PREPROCESSOR_DEFINITIONS = (
					"DEBUG=1",
					"$(inherited)",
				);
				GCC_WARN_64_TO_32_BIT_CONVERSION = YES;
				GCC_WARN_ABOUT_RETURN_TYPE = YES_ERROR;
				GCC_WARN_UNDECLARED_SELECTOR = YES;
				GCC_WARN_UNINITIALIZED_AUTOS = YES_AGGRESSIVE;
				GCC_WARN_UNUSED_FUNCTION = YES;
				GCC_WARN_UNUSED_VARIABLE = YES;
				IPHONEOS_DEPLOYMENT_TARGET = 16.0;
				LOCALIZATION_PREFERS_STRING_CATALOGS = YES;
				MTL_ENABLE_DEBUG_INFO = INCLUDE_SOURCE;
				MTL_FAST_MATH = YES;
				ONLY_ACTIVE_ARCH = YES;
				SDKROOT = iphoneos;
				SWIFT_ACTIVE_COMPILATION_CONDITIONS = "DEBUG $(inherited)";
				SWIFT_OPTIMIZATION_LEVEL = "-Onone";
			};
			name = Debug;
		};
		096CE2AF2B3AC5B4001D0E2E /* Release */ = {
			isa = XCBuildConfiguration;
			buildSettings = {
				ALWAYS_SEARCH_USER_PATHS = NO;
				ASSETCATALOG_COMPILER_GENERATE_SWIFT_ASSET_SYMBOL_EXTENSIONS = YES;
				CLANG_ANALYZER_LOCALIZABILITY_NONLOCALIZED = YES;
				CLANG_ANALYZER_NONNULL = YES;
				CLANG_ANALYZER_NUMBER_OBJECT_CONVERSION = YES_AGGRESSIVE;
				CLANG_CXX_LANGUAGE_STANDARD = "gnu++20";
				CLANG_ENABLE_MODULES = YES;
				CLANG_ENABLE_OBJC_ARC = YES;
				CLANG_ENABLE_OBJC_WEAK = YES;
				CLANG_WARN_BLOCK_CAPTURE_AUTORELEASING = YES;
				CLANG_WARN_BOOL_CONVERSION = YES;
				CLANG_WARN_COMMA = YES;
				CLANG_WARN_CONSTANT_CONVERSION = YES;
				CLANG_WARN_DEPRECATED_OBJC_IMPLEMENTATIONS = YES;
				CLANG_WARN_DIRECT_OBJC_ISA_USAGE = YES_ERROR;
				CLANG_WARN_DOCUMENTATION_COMMENTS = YES;
				CLANG_WARN_EMPTY_BODY = YES;
				CLANG_WARN_ENUM_CONVERSION = YES;
				CLANG_WARN_INFINITE_RECURSION = YES;
				CLANG_WARN_INT_CONVERSION = YES;
				CLANG_WARN_NON_LITERAL_NULL_CONVERSION = YES;
				CLANG_WARN_OBJC_IMPLICIT_RETAIN_SELF = YES;
				CLANG_WARN_OBJC_LITERAL_CONVERSION = YES;
				CLANG_WARN_OBJC_ROOT_CLASS = YES_ERROR;
				CLANG_WARN_QUOTED_INCLUDE_IN_FRAMEWORK_HEADER = YES;
				CLANG_WARN_RANGE_LOOP_ANALYSIS = YES;
				CLANG_WARN_STRICT_PROTOTYPES = YES;
				CLANG_WARN_SUSPICIOUS_MOVE = YES;
				CLANG_WARN_UNGUARDED_AVAILABILITY = YES_AGGRESSIVE;
				CLANG_WARN_UNREACHABLE_CODE = YES;
				CLANG_WARN__DUPLICATE_METHOD_MATCH = YES;
				COPY_PHASE_STRIP = NO;
				DEBUG_INFORMATION_FORMAT = "dwarf-with-dsym";
				ENABLE_NS_ASSERTIONS = NO;
				ENABLE_STRICT_OBJC_MSGSEND = YES;
				ENABLE_USER_SCRIPT_SANDBOXING = NO;
				GCC_C_LANGUAGE_STANDARD = gnu17;
				GCC_NO_COMMON_BLOCKS = YES;
				GCC_WARN_64_TO_32_BIT_CONVERSION = YES;
				GCC_WARN_ABOUT_RETURN_TYPE = YES_ERROR;
				GCC_WARN_UNDECLARED_SELECTOR = YES;
				GCC_WARN_UNINITIALIZED_AUTOS = YES_AGGRESSIVE;
				GCC_WARN_UNUSED_FUNCTION = YES;
				GCC_WARN_UNUSED_VARIABLE = YES;
				IPHONEOS_DEPLOYMENT_TARGET = 16.0;
				LOCALIZATION_PREFERS_STRING_CATALOGS = YES;
				MTL_ENABLE_DEBUG_INFO = NO;
				MTL_FAST_MATH = YES;
				SDKROOT = iphoneos;
				SWIFT_COMPILATION_MODE = wholemodule;
				VALIDATE_PRODUCT = YES;
			};
			name = Release;
		};
		096CE2B12B3AC5B4001D0E2E /* Debug */ = {
			isa = XCBuildConfiguration;
			baseConfigurationReference = 0919EC762B3AC79B0012F661 /* Config.xcconfig */;
			buildSettings = {
				ASSETCATALOG_COMPILER_APPICON_NAME = AppIcon;
				ASSETCATALOG_COMPILER_GLOBAL_ACCENT_COLOR_NAME = AccentColor;
				CODE_SIGN_STYLE = Automatic;
				CURRENT_PROJECT_VERSION = 1;
				DEVELOPMENT_ASSET_PATHS = "\"PathPal/Preview Content\"";
				DEVELOPMENT_TEAM = 53DAD6BN6X;
				ENABLE_PREVIEWS = YES;
				GENERATE_INFOPLIST_FILE = YES;
				INFOPLIST_FILE = PathPal/Info.plist;
				INFOPLIST_KEY_NSCameraUsageDescription = "";
				INFOPLIST_KEY_NSLocationAlwaysAndWhenInUseUsageDescription = "This app uses your location to display your current location on the map";
				INFOPLIST_KEY_NSLocationWhenInUseUsageDescription = "This app uses your location to display your current location on the map";
				INFOPLIST_KEY_NSMicrophoneUsageDescription = "This app uses your microphone to translate  your sppech to text";
				INFOPLIST_KEY_UIApplicationSceneManifest_Generation = YES;
				INFOPLIST_KEY_UIApplicationSupportsIndirectInputEvents = YES;
				INFOPLIST_KEY_UILaunchScreen_Generation = YES;
				INFOPLIST_KEY_UISupportedInterfaceOrientations_iPad = "UIInterfaceOrientationPortrait UIInterfaceOrientationPortraitUpsideDown UIInterfaceOrientationLandscapeLeft UIInterfaceOrientationLandscapeRight";
				INFOPLIST_KEY_UISupportedInterfaceOrientations_iPhone = "UIInterfaceOrientationPortrait UIInterfaceOrientationLandscapeLeft UIInterfaceOrientationLandscapeRight";
				IPHONEOS_DEPLOYMENT_TARGET = 16.0;
				LD_RUNPATH_SEARCH_PATHS = (
					"$(inherited)",
					"@executable_path/Frameworks",
				);
				MARKETING_VERSION = 1.0;
				PRODUCT_BUNDLE_IDENTIFIER = com.sujileelea.gdsc.PathPal;
				PRODUCT_NAME = "$(TARGET_NAME)";
				SWIFT_EMIT_LOC_STRINGS = YES;
				SWIFT_VERSION = 5.0;
				TARGETED_DEVICE_FAMILY = "1,2";
			};
			name = Debug;
		};
		096CE2B22B3AC5B4001D0E2E /* Release */ = {
			isa = XCBuildConfiguration;
			baseConfigurationReference = 0919EC762B3AC79B0012F661 /* Config.xcconfig */;
			buildSettings = {
				ASSETCATALOG_COMPILER_APPICON_NAME = AppIcon;
				ASSETCATALOG_COMPILER_GLOBAL_ACCENT_COLOR_NAME = AccentColor;
				CODE_SIGN_STYLE = Automatic;
				CURRENT_PROJECT_VERSION = 1;
				DEVELOPMENT_ASSET_PATHS = "\"PathPal/Preview Content\"";
				DEVELOPMENT_TEAM = 53DAD6BN6X;
				ENABLE_PREVIEWS = YES;
				GENERATE_INFOPLIST_FILE = YES;
				INFOPLIST_FILE = PathPal/Info.plist;
				INFOPLIST_KEY_NSCameraUsageDescription = "";
				INFOPLIST_KEY_NSLocationAlwaysAndWhenInUseUsageDescription = "This app uses your location to display your current location on the map";
				INFOPLIST_KEY_NSLocationWhenInUseUsageDescription = "This app uses your location to display your current location on the map";
				INFOPLIST_KEY_NSMicrophoneUsageDescription = "This app uses your microphone to translate  your sppech to text";
				INFOPLIST_KEY_UIApplicationSceneManifest_Generation = YES;
				INFOPLIST_KEY_UIApplicationSupportsIndirectInputEvents = YES;
				INFOPLIST_KEY_UILaunchScreen_Generation = YES;
				INFOPLIST_KEY_UISupportedInterfaceOrientations_iPad = "UIInterfaceOrientationPortrait UIInterfaceOrientationPortraitUpsideDown UIInterfaceOrientationLandscapeLeft UIInterfaceOrientationLandscapeRight";
				INFOPLIST_KEY_UISupportedInterfaceOrientations_iPhone = "UIInterfaceOrientationPortrait UIInterfaceOrientationLandscapeLeft UIInterfaceOrientationLandscapeRight";
				IPHONEOS_DEPLOYMENT_TARGET = 16.0;
				LD_RUNPATH_SEARCH_PATHS = (
					"$(inherited)",
					"@executable_path/Frameworks",
				);
				MARKETING_VERSION = 1.0;
				PRODUCT_BUNDLE_IDENTIFIER = com.sujileelea.gdsc.PathPal;
				PRODUCT_NAME = "$(TARGET_NAME)";
				SWIFT_EMIT_LOC_STRINGS = YES;
				SWIFT_VERSION = 5.0;
				TARGETED_DEVICE_FAMILY = "1,2";
			};
			name = Release;
		};
/* End XCBuildConfiguration section */

/* Begin XCConfigurationList section */
		096CE29D2B3AC5B3001D0E2E /* Build configuration list for PBXProject "PathPal" */ = {
			isa = XCConfigurationList;
			buildConfigurations = (
				096CE2AE2B3AC5B4001D0E2E /* Debug */,
				096CE2AF2B3AC5B4001D0E2E /* Release */,
			);
			defaultConfigurationIsVisible = 0;
			defaultConfigurationName = Release;
		};
		096CE2B02B3AC5B4001D0E2E /* Build configuration list for PBXNativeTarget "PathPal" */ = {
			isa = XCConfigurationList;
			buildConfigurations = (
				096CE2B12B3AC5B4001D0E2E /* Debug */,
				096CE2B22B3AC5B4001D0E2E /* Release */,
			);
			defaultConfigurationIsVisible = 0;
			defaultConfigurationName = Release;
		};
/* End XCConfigurationList section */

/* Begin XCRemoteSwiftPackageReference section */
		0919EC6E2B3AC7360012F661 /* XCRemoteSwiftPackageReference "Starscream" */ = {
			isa = XCRemoteSwiftPackageReference;
			repositoryURL = "https://github.com/daltoniam/Starscream";
			requirement = {
				kind = upToNextMajorVersion;
				minimumVersion = 4.0.6;
			};
		};
		0919EC712B3AC74C0012F661 /* XCRemoteSwiftPackageReference "swift-composable-architecture" */ = {
			isa = XCRemoteSwiftPackageReference;
			repositoryURL = "https://github.com/pointfreeco/swift-composable-architecture";
			requirement = {
				kind = upToNextMajorVersion;
				minimumVersion = 1.5.6;
			};
		};
/* End XCRemoteSwiftPackageReference section */

/* Begin XCSwiftPackageProductDependency section */
		0919EC6F2B3AC7360012F661 /* Starscream */ = {
			isa = XCSwiftPackageProductDependency;
			package = 0919EC6E2B3AC7360012F661 /* XCRemoteSwiftPackageReference "Starscream" */;
			productName = Starscream;
		};
		0919EC722B3AC74C0012F661 /* ComposableArchitecture */ = {
			isa = XCSwiftPackageProductDependency;
			package = 0919EC712B3AC74C0012F661 /* XCRemoteSwiftPackageReference "swift-composable-architecture" */;
			productName = ComposableArchitecture;
		};
/* End XCSwiftPackageProductDependency section */
	};
	rootObject = 096CE29A2B3AC5B3001D0E2E /* Project object */;
}
